<?xml version="1.0" encoding="utf-8"?>
<Project ToolsVersion="4.0" xmlns="http://schemas.microsoft.com/developer/msbuild/2003">
  <ItemGroup>
    <Filter Include="Source Files">
      <UniqueIdentifier>{16b76020-744f-4951-b8cc-184f335c19ff}</UniqueIdentifier>
      <Extensions>cpp;c;cc;cxx;def;idl;odl</Extensions>
    </Filter>
    <Filter Include="Include Files">
      <UniqueIdentifier>{27a0be22-fe99-41f1-8e22-6886e541920f}</UniqueIdentifier>
      <Extensions>h;hh;hxx</Extensions>
    </Filter>
    <Filter Include="Resource Files">
      <UniqueIdentifier>{b0b47eed-22ae-407d-a378-92903211ebc8}</UniqueIdentifier>
      <Extensions>rc;ico;bmp;cur;jpg;gif</Extensions>
    </Filter>
    <Filter Include="Miscellaneous Files">
      <UniqueIdentifier>{73cd6566-e2c7-421a-9695-92982d59fd79}</UniqueIdentifier>
      <Extensions>reg;rgs;mak;clw;vsdir;vsz;css;inf;vcproj;csproj</Extensions>
    </Filter>
  </ItemGroup>
  <ItemGroup>
    <ClCompile Include="acrxEntryPoint.cpp">
      <Filter>Source Files</Filter>
    </ClCompile>
    <ClCompile Include="AssemblyInfo.cpp">
      <Filter>Source Files</Filter>
    </ClCompile>
    <ClCompile Include="BasicExcel.cpp">
      <Filter>Source Files</Filter>
    </ClCompile>
    <ClCompile Include="CDBReactor.cpp">
      <Filter>Source Files</Filter>
    </ClCompile>
    <ClCompile Include="CDocReactor.cpp">
      <Filter>Source Files</Filter>
    </ClCompile>
    <ClCompile Include="CMenuReactor.cpp">
      <Filter>Source Files</Filter>
    </ClCompile>
    <ClCompile Include="DocData.cpp">
      <Filter>Source Files</Filter>
    </ClCompile>
    <ClCompile Include="ExcelFormat.cpp">
      <Filter>Source Files</Filter>
    </ClCompile>
    <ClCompile Include="MainDlg.cpp">
      <Filter>Source Files</Filter>
    </ClCompile>
    <ClCompile Include="ROOFUklon.cpp">
      <Filter>Source Files</Filter>
    </ClCompile>
    <ClCompile Include="SpecDlg.cpp">
      <Filter>Source Files</Filter>
    </ClCompile>
    <ClCompile Include="StdAfx.cpp">
      <Filter>Source Files</Filter>
    </ClCompile>
  </ItemGroup>
  <ItemGroup>
    <ClInclude Include="BasicExcel.hpp">
      <Filter>Include Files</Filter>
    </ClInclude>
    <ClInclude Include="CDBReactor.h">
      <Filter>Include Files</Filter>
    </ClInclude>
    <ClInclude Include="CDocReactor.h">
      <Filter>Include Files</Filter>
    </ClInclude>
    <ClInclude Include="CMenuReactor.h">
      <Filter>Include Files</Filter>
    </ClInclude>
    <ClInclude Include="DataTypes.h">
      <Filter>Include Files</Filter>
    </ClInclude>
    <ClInclude Include="DocData.h">
      <Filter>Include Files</Filter>
    </ClInclude>
    <ClInclude Include="ExcelFormat.h">
      <Filter>Include Files</Filter>
    </ClInclude>
    <ClInclude Include="MainDlg.h">
      <Filter>Include Files</Filter>
    </ClInclude>
    <ClInclude Include="Resource.h">
      <Filter>Include Files</Filter>
    </ClInclude>
    <ClInclude Include="SpecDlg.h">
      <Filter>Include Files</Filter>
    </ClInclude>
    <ClInclude Include="StdAfx.h">
      <Filter>Include Files</Filter>
    </ClInclude>
  </ItemGroup>
  <ItemGroup>
    <None Include="..\..\..\..\..\Downloads\05KU.bmp">
      <Filter>Resource Files</Filter>
    </None>
    <None Include="..\..\..\..\..\Downloads\1KU.bmp">
      <Filter>Resource Files</Filter>
    </None>
    <None Include="..\..\..\..\..\Downloads\1KUpe.bmp">
      <Filter>Resource Files</Filter>
    </None>
    <None Include="..\..\..\..\..\Downloads\2KU.bmp">
      <Filter>Resource Files</Filter>
    </None>
    <None Include="..\..\..\..\..\Downloads\bitmap3.bmp">
      <Filter>Resource Files</Filter>
    </None>
    <None Include="..\..\..\..\..\Downloads\RW_logo_for_us.bmp">
      <Filter>Resource Files</Filter>
    </None>
  </ItemGroup>
  <ItemGroup>
    <ResourceCompile Include="ROOFUklon.rc">
      <Filter>Resource Files</Filter>
    </ResourceCompile>
  </ItemGroup>
</Project>